# This file is @generated by PDM.
# It is not intended for manual editing.

[metadata]
groups = ["default"]
strategy = ["cross_platform", "inherit_metadata"]
lock_version = "4.4.1"
content_hash = "sha256:b45b55bc8e08a783a918ceb43fbeb840ee2873f9ca512a433d29c95f2cb4bc9b"

[[package]]
name = "asttokens"
version = "2.4.1"
summary = "Annotate AST trees with source code positions"
groups = ["default"]
dependencies = [
    "six>=1.12.0",
]
files = [
    {file = "asttokens-2.4.1-py2.py3-none-any.whl", hash = "sha256:051ed49c3dcae8913ea7cd08e46a606dba30b79993209636c4875bc1d637bc24"},
    {file = "asttokens-2.4.1.tar.gz", hash = "sha256:b03869718ba9a6eb027e134bfdf69f38a236d681c83c160d510768af11254ba0"},
]

[[package]]
name = "colorama"
version = "0.4.6"
requires_python = "!=3.0.*,!=3.1.*,!=3.2.*,!=3.3.*,!=3.4.*,!=3.5.*,!=3.6.*,>=2.7"
summary = "Cross-platform colored terminal text."
groups = ["default"]
files = [
    {file = "colorama-0.4.6-py2.py3-none-any.whl", hash = "sha256:4f1d9991f5acc0ca119f9d443620b77f9d6b33703e51011c16baf57afb285fc6"},
    {file = "colorama-0.4.6.tar.gz", hash = "sha256:08695f5cb7ed6e0531a20572697297273c47b8cae5a63ffc6d6ed5c201be6e44"},
]

[[package]]
name = "executing"
version = "2.0.1"
requires_python = ">=3.5"
summary = "Get the currently executing AST node of a frame, and other information"
groups = ["default"]
files = [
    {file = "executing-2.0.1-py2.py3-none-any.whl", hash = "sha256:eac49ca94516ccc753f9fb5ce82603156e590b27525a8bc32cce8ae302eb61bc"},
    {file = "executing-2.0.1.tar.gz", hash = "sha256:35afe2ce3affba8ee97f2d69927fa823b08b472b7b994e36a52a964b93d16147"},
]

[[package]]
name = "icecream"
version = "2.1.3"
summary = "Never use print() to debug again; inspect variables, expressions, and program execution with a single, simple function call."
groups = ["default"]
dependencies = [
    "asttokens>=2.0.1",
    "colorama>=0.3.9",
    "executing>=0.3.1",
    "pygments>=2.2.0",
]
files = [
    {file = "icecream-2.1.3-py2.py3-none-any.whl", hash = "sha256:757aec31ad4488b949bc4f499d18e6e5973c40cc4d4fc607229e78cfaec94c34"},
    {file = "icecream-2.1.3.tar.gz", hash = "sha256:0aa4a7c3374ec36153a1d08f81e3080e83d8ac1eefd97d2f4fe9544e8f9b49de"},
]

[[package]]
name = "pygments"
version = "2.17.2"
requires_python = ">=3.7"
summary = "Pygments is a syntax highlighting package written in Python."
groups = ["default"]
files = [
    {file = "pygments-2.17.2-py3-none-any.whl", hash = "sha256:b27c2826c47d0f3219f29554824c30c5e8945175d888647acd804ddd04af846c"},
    {file = "pygments-2.17.2.tar.gz", hash = "sha256:da46cec9fd2de5be3a8a784f434e4c4ab670b4ff54d605c4c2717e9d49c4c367"},
]

[[package]]
name = "six"
version = "1.16.0"
requires_python = ">=2.7, !=3.0.*, !=3.1.*, !=3.2.*"
summary = "Python 2 and 3 compatibility utilities"
groups = ["default"]
files = [
    {file = "six-1.16.0-py2.py3-none-any.whl", hash = "sha256:8abb2f1d86890a2dfb989f9a77cfcfd3e47c2a354b01111771326f8aa26e0254"},
    {file = "six-1.16.0.tar.gz", hash = "sha256:1e61c37477a1626458e36f7b1d82aa5c9b094fa4802892072e49de9c60c4c926"},
]
